
Microsoft Visual Studio Solution File, Format Version 11.00
# Visual Studio 2010
Project("{FAE04EC0-301F-11D3-BF4B-00C04F79EFBC}") = "RouteMapDecorators.Tests", "RouteMapDecorators.Tests\RouteMapDecorators.Tests.csproj", "{089D0D48-0F9E-41C7-933F-B1FFE3E9513C}"
EndProject
Project("{FAE04EC0-301F-11D3-BF4B-00C04F79EFBC}") = "RouteMapDecorators", "RouteMapDecorators\RouteMapDecorators.csproj", "{D79B2B91-DBD2-47F8-8C6F-0F152EF646BF}"
EndProject
Global
	GlobalSection(SolutionConfigurationPlatforms) = preSolution
		Debug|Any CPU = Debug|Any CPU
		Release|Any CPU = Release|Any CPU
	EndGlobalSection
	GlobalSection(ProjectConfigurationPlatforms) = postSolution
		{089D0D48-0F9E-41C7-933F-B1FFE3E9513C}.Debug|Any CPU.ActiveCfg = Debug|Any CPU
		{089D0D48-0F9E-41C7-933F-B1FFE3E9513C}.Debug|Any CPU.Build.0 = Debug|Any CPU
		{089D0D48-0F9E-41C7-933F-B1FFE3E9513C}.Release|Any CPU.ActiveCfg = Release|Any CPU
		{089D0D48-0F9E-41C7-933F-B1FFE3E9513C}.Release|Any CPU.Build.0 = Release|Any CPU
		{D79B2B91-DBD2-47F8-8C6F-0F152EF646BF}.Debug|Any CPU.ActiveCfg = Debug|Any CPU
		{D79B2B91-DBD2-47F8-8C6F-0F152EF646BF}.Debug|Any CPU.Build.0 = Debug|Any CPU
		{D79B2B91-DBD2-47F8-8C6F-0F152EF646BF}.Release|Any CPU.ActiveCfg = Release|Any CPU
		{D79B2B91-DBD2-47F8-8C6F-0F152EF646BF}.Release|Any CPU.Build.0 = Release|Any CPU
	EndGlobalSection
	GlobalSection(SolutionProperties) = preSolution
		HideSolutionNode = FALSE
	EndGlobalSection
EndGlobal
